
Microsoft Visual Studio Solution File, Format Version 12.00
# Visual Studio 2013
VisualStudioVersion = 12.0.30110.0
MinimumVisualStudioVersion = 10.0.40219.1
Project("{FAE04EC0-301F-11D3-BF4B-00C04F79EFBC}") = "Crawler", "Crawler\Crawler.csproj", "{A297DE81-F594-4513-9C1E-BEB6F3FCE7BB}"
EndProject
Global
	GlobalSection(SolutionConfigurationPlatforms) = preSolution
		Debug|Any CPU = Debug|Any CPU
		Release|Any CPU = Release|Any CPU
	EndGlobalSection
	GlobalSection(ProjectConfigurationPlatforms) = postSolution
		{A297DE81-F594-4513-9C1E-BEB6F3FCE7BB}.Debug|Any CPU.ActiveCfg = Debug|Any CPU
		{A297DE81-F594-4513-9C1E-BEB6F3FCE7BB}.Debug|Any CPU.Build.0 = Debug|Any CPU
		{A297DE81-F594-4513-9C1E-BEB6F3FCE7BB}.Release|Any CPU.ActiveCfg = Release|Any CPU
		{A297DE81-F594-4513-9C1E-BEB6F3FCE7BB}.Release|Any CPU.Build.0 = Release|Any CPU
	EndGlobalSection
	GlobalSection(SolutionProperties) = preSolution
		HideSolutionNode = FALSE
	EndGlobalSection
EndGlobal
