
Microsoft Visual Studio Solution File, Format Version 12.00
# Visual Studio 2013
VisualStudioVersion = 12.0.30723.0
MinimumVisualStudioVersion = 10.0.40219.1
Project("{FAE04EC0-301F-11D3-BF4B-00C04F79EFBC}") = "3DPoint", "3DPoint\3DPoint.csproj", "{B8E9C91E-9800-4E75-853F-A9C333CBE95A}"
EndProject
Global
	GlobalSection(SolutionConfigurationPlatforms) = preSolution
		Debug|Any CPU = Debug|Any CPU
		Release|Any CPU = Release|Any CPU
	EndGlobalSection
	GlobalSection(ProjectConfigurationPlatforms) = postSolution
		{B8E9C91E-9800-4E75-853F-A9C333CBE95A}.Debug|Any CPU.ActiveCfg = Debug|Any CPU
		{B8E9C91E-9800-4E75-853F-A9C333CBE95A}.Debug|Any CPU.Build.0 = Debug|Any CPU
		{B8E9C91E-9800-4E75-853F-A9C333CBE95A}.Release|Any CPU.ActiveCfg = Release|Any CPU
		{B8E9C91E-9800-4E75-853F-A9C333CBE95A}.Release|Any CPU.Build.0 = Release|Any CPU
	EndGlobalSection
	GlobalSection(SolutionProperties) = preSolution
		HideSolutionNode = FALSE
	EndGlobalSection
EndGlobal
